
Microsoft Visual Studio Solution File, Format Version 12.00
# Visual Studio Version 16
VisualStudioVersion = 16.0.29609.76
MinimumVisualStudioVersion = 10.0.40219.1
Project("{FAE04EC0-301F-11D3-BF4B-00C04F79EFBC}") = "ProximitySearchApp", "ProximitySearch\ProximitySearchApp.csproj", "{7B5B35AF-D2C9-4C17-A270-72F0F235CBB2}"
EndProject
Project("{FAE04EC0-301F-11D3-BF4B-00C04F79EFBC}") = "ProximitySearchApp.UnitTests", "ProximitySearch.UnitTests\ProximitySearchApp.UnitTests.csproj", "{FBBED5A4-0635-40FE-BC5B-66450261A30C}"
EndProject
Global
	GlobalSection(SolutionConfigurationPlatforms) = preSolution
		Debug|Any CPU = Debug|Any CPU
		Release|Any CPU = Release|Any CPU
	EndGlobalSection
	GlobalSection(ProjectConfigurationPlatforms) = postSolution
		{7B5B35AF-D2C9-4C17-A270-72F0F235CBB2}.Debug|Any CPU.ActiveCfg = Debug|Any CPU
		{7B5B35AF-D2C9-4C17-A270-72F0F235CBB2}.Debug|Any CPU.Build.0 = Debug|Any CPU
		{7B5B35AF-D2C9-4C17-A270-72F0F235CBB2}.Release|Any CPU.ActiveCfg = Release|Any CPU
		{7B5B35AF-D2C9-4C17-A270-72F0F235CBB2}.Release|Any CPU.Build.0 = Release|Any CPU
		{FBBED5A4-0635-40FE-BC5B-66450261A30C}.Debug|Any CPU.ActiveCfg = Debug|Any CPU
		{FBBED5A4-0635-40FE-BC5B-66450261A30C}.Debug|Any CPU.Build.0 = Debug|Any CPU
		{FBBED5A4-0635-40FE-BC5B-66450261A30C}.Release|Any CPU.ActiveCfg = Release|Any CPU
		{FBBED5A4-0635-40FE-BC5B-66450261A30C}.Release|Any CPU.Build.0 = Release|Any CPU
	EndGlobalSection
	GlobalSection(SolutionProperties) = preSolution
		HideSolutionNode = FALSE
	EndGlobalSection
	GlobalSection(ExtensibilityGlobals) = postSolution
		SolutionGuid = {EE55AB7B-78B4-4F4B-9C1F-4CEC44E9A975}
	EndGlobalSection
EndGlobal
